github.com/jkulvich/goandroid v0.0.0-20200411152119-91f1624cd8c8 h1:p9AOc5OTIAyccCXThLQbV7Ol2F8lwRVLOHxbURREyFw=
github.com/jkulvich/goandroid v0.0.0-20200411152119-91f1624cd8c8/go.mod h1:jurSTkbm6jAdFQsHCO9sMaXaDm/nwxJKEO7um4ka/yU=
github.com/kunaldawn/goandroid v0.0.0-20190729171649-028fd47d5f30 h1:VOIrapkfBh8ESftTSYNe6ZJi4zWUQpwQgh6bS3d5nfI=
github.com/kunaldawn/goandroid v0.0.0-20190729171649-028fd47d5f30/go.mod h1:c2PhJfWJPSKlDm6OdN+LVxzIOBU6K6EYBaDqEYn4RFk=
